// !$*UTF8*$!
{
	archiveVersion = 1;
	classes = {
	};
	objectVersion = 77;
	objects = {

/* Begin PBXBuildFile section */
		AFFD794E2E4CC14A00A3B9FC /* LoadingViewKit in Frameworks */ = {isa = PBXBuildFile; productRef = AFFD794D2E4CC14A00A3B9FC /* LoadingViewKit */; };
		AFFD79A02E4CC74600A3B9FC /* LoadingViewKit in Frameworks */ = {isa = PBXBuildFile; productRef = AFFD799F2E4CC74600A3B9FC /* LoadingViewKit */; };
/* End PBXBuildFile section */

/* Begin PBXFileReference section */
		AFDCCBB02E2520F40047C449 /* LoadingView.app */ = {isa = PBXFileReference; explicitFileType = wrapper.application; includeInIndex = 0; path = LoadingView.app; sourceTree = BUILT_PRODUCTS_DIR; };
		AFFD796D2E4CC72600A3B9FC /* Package.swift */ = {isa = PBXFileReference; lastKnownFileType = sourcecode.swift; path = Package.swift; sourceTree = "<group>"; };
/* End PBXFileReference section */

/* Begin PBXFileSystemSynchronizedBuildFileExceptionSet section */
		AFDCCBC22E2520F60047C449 /* Exceptions for "LoadingView" folder in "LoadingView" target */ = {
			isa = PBXFileSystemSynchronizedBuildFileExceptionSet;
			membershipExceptions = (
				Info.plist,
			);
			target = AFDCCBAF2E2520F40047C449 /* LoadingView */;
		};
		AFFD799D2E4CC72D00A3B9FC /* Exceptions for "Sources" folder in "LoadingView" target */ = {
			isa = PBXFileSystemSynchronizedBuildFileExceptionSet;
			membershipExceptions = (
				LoadingViewKit/Core/LoadingAnimatable.swift,
				LoadingViewKit/Core/LoadingView.swift,
				LoadingViewKit/Core/Strategy.swift,
				LoadingViewKit/Modes/DotsMode.swift,
				LoadingViewKit/Modes/LoadingMode.swift,
				LoadingViewKit/Modes/RingMode.swift,
				LoadingViewKit/Modes/ShimmerMode.swift,
				LoadingViewKit/Modes/WaveDotsMode.swift,
				LoadingViewKit/Strategy/StrategyDots.swift,
				LoadingViewKit/Strategy/StrategyRing.swift,
				LoadingViewKit/Strategy/StrategyShimmer.swift,
				LoadingViewKit/Strategy/StrategyWaveDots.swift,
			);
			target = AFDCCBAF2E2520F40047C449 /* LoadingView */;
		};
/* End PBXFileSystemSynchronizedBuildFileExceptionSet section */

/* Begin PBXFileSystemSynchronizedRootGroup section */
		AFDCCBB22E2520F40047C449 /* LoadingView */ = {
			isa = PBXFileSystemSynchronizedRootGroup;
			exceptions = (
				AFDCCBC22E2520F60047C449 /* Exceptions for "LoadingView" folder in "LoadingView" target */,
			);
			path = LoadingView;
			sourceTree = "<group>";
		};
		AFFD799C2E4CC72D00A3B9FC /* Sources */ = {
			isa = PBXFileSystemSynchronizedRootGroup;
			exceptions = (
				AFFD799D2E4CC72D00A3B9FC /* Exceptions for "Sources" folder in "LoadingView" target */,
			);
			path = Sources;
			sourceTree = "<group>";
		};
/* End PBXFileSystemSynchronizedRootGroup section */

/* Begin PBXFrameworksBuildPhase section */
		AFDCCBAD2E2520F40047C449 /* Frameworks */ = {
			isa = PBXFrameworksBuildPhase;
			buildActionMask = 2147483647;
			files = (
				AFFD794E2E4CC14A00A3B9FC /* LoadingViewKit in Frameworks */,
				AFFD79A02E4CC74600A3B9FC /* LoadingViewKit in Frameworks */,
			);
			runOnlyForDeploymentPostprocessing = 0;
		};
/* End PBXFrameworksBuildPhase section */

/* Begin PBXGroup section */
		AFDCCBA72E2520F40047C449 = {
			isa = PBXGroup;
			children = (
				AFFD799C2E4CC72D00A3B9FC /* Sources */,
				AFFD796D2E4CC72600A3B9FC /* Package.swift */,
				AFDCCBB22E2520F40047C449 /* LoadingView */,
				AFDCCBB12E2520F40047C449 /* Products */,
			);
			sourceTree = "<group>";
		};
		AFDCCBB12E2520F40047C449 /* Products */ = {
			isa = PBXGroup;
			children = (
				AFDCCBB02E2520F40047C449 /* LoadingView.app */,
			);
			name = Products;
			sourceTree = "<group>";
		};
/* End PBXGroup section */

/* Begin PBXNativeTarget section */
		AFDCCBAF2E2520F40047C449 /* LoadingView */ = {
			isa = PBXNativeTarget;
			buildConfigurationList = AFDCCBC32E2520F60047C449 /* Build configuration list for PBXNativeTarget "LoadingView" */;
			buildPhases = (
				AFDCCBAC2E2520F40047C449 /* Sources */,
				AFDCCBAD2E2520F40047C449 /* Frameworks */,
				AFDCCBAE2E2520F40047C449 /* Resources */,
			);
			buildRules = (
			);
			dependencies = (
			);
			fileSystemSynchronizedGroups = (
				AFDCCBB22E2520F40047C449 /* LoadingView */,
				AFFD799C2E4CC72D00A3B9FC /* Sources */,
			);
			name = LoadingView;
			packageProductDependencies = (
				AFFD794D2E4CC14A00A3B9FC /* LoadingViewKit */,
				AFFD799F2E4CC74600A3B9FC /* LoadingViewKit */,
			);
			productName = LoadingView;
			productReference = AFDCCBB02E2520F40047C449 /* LoadingView.app */;
			productType = "com.apple.product-type.application";
		};
/* End PBXNativeTarget section */

/* Begin PBXProject section */
		AFDCCBA82E2520F40047C449 /* Project object */ = {
			isa = PBXProject;
			attributes = {
				BuildIndependentTargetsInParallel = 1;
				LastSwiftUpdateCheck = 1620;
				LastUpgradeCheck = 1620;
				TargetAttributes = {
					AFDCCBAF2E2520F40047C449 = {
						CreatedOnToolsVersion = 16.2;
					};
				};
			};
			buildConfigurationList = AFDCCBAB2E2520F40047C449 /* Build configuration list for PBXProject "LoadingView" */;
			developmentRegion = en;
			hasScannedForEncodings = 0;
			knownRegions = (
				en,
				Base,
			);
			mainGroup = AFDCCBA72E2520F40047C449;
			minimizedProjectReferenceProxies = 1;
			packageReferences = (
				AFFD799E2E4CC74600A3B9FC /* XCLocalSwiftPackageReference "../LoadingView" */,
			);
			preferredProjectObjectVersion = 77;
			productRefGroup = AFDCCBB12E2520F40047C449 /* Products */;
			projectDirPath = "";
			projectRoot = "";
			targets = (
				AFDCCBAF2E2520F40047C449 /* LoadingView */,
			);
		};
/* End PBXProject section */

/* Begin PBXResourcesBuildPhase section */
		AFDCCBAE2E2520F40047C449 /* Resources */ = {
			isa = PBXResourcesBuildPhase;
			buildActionMask = 2147483647;
			files = (
			);
			runOnlyForDeploymentPostprocessing = 0;
		};
/* End PBXResourcesBuildPhase section */

/* Begin PBXSourcesBuildPhase section */
		AFDCCBAC2E2520F40047C449 /* Sources */ = {
			isa = PBXSourcesBuildPhase;
			buildActionMask = 2147483647;
			files = (
			);
			runOnlyForDeploymentPostprocessing = 0;
		};
/* End PBXSourcesBuildPhase section */

/* Begin XCBuildConfiguration section */
		AFDCCBC42E2520F60047C449 /* Debug */ = {
			isa = XCBuildConfiguration;
			buildSettings = {
				ASSETCATALOG_COMPILER_APPICON_NAME = AppIcon;
				ASSETCATALOG_COMPILER_GLOBAL_ACCENT_COLOR_NAME = AccentColor;
				CODE_SIGN_STYLE = Automatic;
				CURRENT_PROJECT_VERSION = 1;
				DEVELOPMENT_TEAM = D6RA2GSSH3;
				GENERATE_INFOPLIST_FILE = YES;
				INFOPLIST_FILE = LoadingView/Info.plist;
				INFOPLIST_KEY_UIApplicationSupportsIndirectInputEvents = YES;
				INFOPLIST_KEY_UILaunchStoryboardName = LaunchScreen;
				INFOPLIST_KEY_UIMainStoryboardFile = Main;
				INFOPLIST_KEY_UISupportedInterfaceOrientations_iPad = "UIInterfaceOrientationPortrait UIInterfaceOrientationPortraitUpsideDown UIInterfaceOrientationLandscapeLeft UIInterfaceOrientationLandscapeRight";
				INFOPLIST_KEY_UISupportedInterfaceOrientations_iPhone = "UIInterfaceOrientationPortrait UIInterfaceOrientationLandscapeLeft UIInterfaceOrientationLandscapeRight";
				IPHONEOS_DEPLOYMENT_TARGET = 15.6;
				LD_RUNPATH_SEARCH_PATHS = (
					"$(inherited)",
					"@executable_path/Frameworks",
				);
				MARKETING_VERSION = 1.0.0;
				PRODUCT_BUNDLE_IDENTIFIER = com.emrekr.LoadingView;
				PRODUCT_NAME = "$(TARGET_NAME)";
				SUPPORTED_PLATFORMS = "iphoneos iphonesimulator";
				SUPPORTS_MACCATALYST = NO;
				SUPPORTS_MAC_DESIGNED_FOR_IPHONE_IPAD = NO;
				SUPPORTS_XR_DESIGNED_FOR_IPHONE_IPAD = NO;
				SWIFT_EMIT_LOC_STRINGS = YES;
				SWIFT_VERSION = 5.0;
				TARGETED_DEVICE_FAMILY = 1;
			};
			name = Debug;
		};
		AFDCCBC52E2520F60047C449 /* Release */ = {
			isa = XCBuildConfiguration;
			buildSettings = {
				ASSETCATALOG_COMPILER_APPICON_NAME = AppIcon;
				ASSETCATALOG_COMPILER_GLOBAL_ACCENT_COLOR_NAME = AccentColor;
				CODE_SIGN_STYLE = Automatic;
				CURRENT_PROJECT_VERSION = 1;
				DEVELOPMENT_TEAM = D6RA2GSSH3;
				GENERATE_INFOPLIST_FILE = YES;
				INFOPLIST_FILE = LoadingView/Info.plist;
				INFOPLIST_KEY_UIApplicationSupportsIndirectInputEvents = YES;
				INFOPLIST_KEY_UILaunchStoryboardName = LaunchScreen;
				INFOPLIST_KEY_UIMainStoryboardFile = Main;
				INFOPLIST_KEY_UISupportedInterfaceOrientations_iPad = "UIInterfaceOrientationPortrait UIInterfaceOrientationPortraitUpsideDown UIInterfaceOrientationLandscapeLeft UIInterfaceOrientationLandscapeRight";
				INFOPLIST_KEY_UISupportedInterfaceOrientations_iPhone = "UIInterfaceOrientationPortrait UIInterfaceOrientationLandscapeLeft UIInterfaceOrientationLandscapeRight";
				IPHONEOS_DEPLOYMENT_TARGET = 15.6;
				LD_RUNPATH_SEARCH_PATHS = (
					"$(inherited)",
					"@executable_path/Frameworks",
				);
				MARKETING_VERSION = 1.0.0;
				PRODUCT_BUNDLE_IDENTIFIER = com.emrekr.LoadingView;
				PRODUCT_NAME = "$(TARGET_NAME)";
				SUPPORTED_PLATFORMS = "iphoneos iphonesimulator";
				SUPPORTS_MACCATALYST = NO;
				SUPPORTS_MAC_DESIGNED_FOR_IPHONE_IPAD = NO;
				SUPPORTS_XR_DESIGNED_FOR_IPHONE_IPAD = NO;
				SWIFT_EMIT_LOC_STRINGS = YES;
				SWIFT_VERSION = 5.0;
				TARGETED_DEVICE_FAMILY = 1;
			};
			name = Release;
		};
		AFDCCBC62E2520F60047C449 /* Debug */ = {
			isa = XCBuildConfiguration;
			buildSettings = {
				ALWAYS_SEARCH_USER_PATHS = NO;
				ASSETCATALOG_COMPILER_GENERATE_SWIFT_ASSET_SYMBOL_EXTENSIONS = YES;
				CLANG_ANALYZER_NONNULL = YES;
				CLANG_ANALYZER_NUMBER_OBJECT_CONVERSION = YES_AGGRESSIVE;
				CLANG_CXX_LANGUAGE_STANDARD = "gnu++20";
				CLANG_ENABLE_MODULES = YES;
				CLANG_ENABLE_OBJC_ARC = YES;
				CLANG_ENABLE_OBJC_WEAK = YES;
				CLANG_WARN_BLOCK_CAPTURE_AUTORELEASING = YES;
				CLANG_WARN_BOOL_CONVERSION = YES;
				CLANG_WARN_COMMA = YES;
				CLANG_WARN_CONSTANT_CONVERSION = YES;
				CLANG_WARN_DEPRECATED_OBJC_IMPLEMENTATIONS = YES;
				CLANG_WARN_DIRECT_OBJC_ISA_USAGE = YES_ERROR;
				CLANG_WARN_DOCUMENTATION_COMMENTS = YES;
				CLANG_WARN_EMPTY_BODY = YES;
				CLANG_WARN_ENUM_CONVERSION = YES;
				CLANG_WARN_INFINITE_RECURSION = YES;
				CLANG_WARN_INT_CONVERSION = YES;
				CLANG_WARN_NON_LITERAL_NULL_CONVERSION = YES;
				CLANG_WARN_OBJC_IMPLICIT_RETAIN_SELF = YES;
				CLANG_WARN_OBJC_LITERAL_CONVERSION = YES;
				CLANG_WARN_OBJC_ROOT_CLASS = YES_ERROR;
				CLANG_WARN_QUOTED_INCLUDE_IN_FRAMEWORK_HEADER = YES;
				CLANG_WARN_RANGE_LOOP_ANALYSIS = YES;
				CLANG_WARN_STRICT_PROTOTYPES = YES;
				CLANG_WARN_SUSPICIOUS_MOVE = YES;
				CLANG_WARN_UNGUARDED_AVAILABILITY = YES_AGGRESSIVE;
				CLANG_WARN_UNREACHABLE_CODE = YES;
				CLANG_WARN__DUPLICATE_METHOD_MATCH = YES;
				COPY_PHASE_STRIP = NO;
				DEBUG_INFORMATION_FORMAT = dwarf;
				ENABLE_STRICT_OBJC_MSGSEND = YES;
				ENABLE_TESTABILITY = YES;
				ENABLE_USER_SCRIPT_SANDBOXING = YES;
				GCC_C_LANGUAGE_STANDARD = gnu17;
				GCC_DYNAMIC_NO_PIC = NO;
				GCC_NO_COMMON_BLOCKS = YES;
				GCC_OPTIMIZATION_LEVEL = 0;
				GCC_PREPROCESSOR_DEFINITIONS = (
					"DEBUG=1",
					"$(inherited)",
				);
				GCC_WARN_64_TO_32_BIT_CONVERSION = YES;
				GCC_WARN_ABOUT_RETURN_TYPE = YES_ERROR;
				GCC_WARN_UNDECLARED_SELECTOR = YES;
				GCC_WARN_UNINITIALIZED_AUTOS = YES_AGGRESSIVE;
				GCC_WARN_UNUSED_FUNCTION = YES;
				GCC_WARN_UNUSED_VARIABLE = YES;
				IPHONEOS_DEPLOYMENT_TARGET = 18.2;
				LOCALIZATION_PREFERS_STRING_CATALOGS = YES;
				MTL_ENABLE_DEBUG_INFO = INCLUDE_SOURCE;
				MTL_FAST_MATH = YES;
				ONLY_ACTIVE_ARCH = YES;
				SDKROOT = iphoneos;
				SWIFT_ACTIVE_COMPILATION_CONDITIONS = "DEBUG $(inherited)";
				SWIFT_OPTIMIZATION_LEVEL = "-Onone";
			};
			name = Debug;
		};
		AFDCCBC72E2520F60047C449 /* Release */ = {
			isa = XCBuildConfiguration;
			buildSettings = {
				ALWAYS_SEARCH_USER_PATHS = NO;
				ASSETCATALOG_COMPILER_GENERATE_SWIFT_ASSET_SYMBOL_EXTENSIONS = YES;
				CLANG_ANALYZER_NONNULL = YES;
				CLANG_ANALYZER_NUMBER_OBJECT_CONVERSION = YES_AGGRESSIVE;
				CLANG_CXX_LANGUAGE_STANDARD = "gnu++20";
				CLANG_ENABLE_MODULES = YES;
				CLANG_ENABLE_OBJC_ARC = YES;
				CLANG_ENABLE_OBJC_WEAK = YES;
				CLANG_WARN_BLOCK_CAPTURE_AUTORELEASING = YES;
				CLANG_WARN_BOOL_CONVERSION = YES;
				CLANG_WARN_COMMA = YES;
				CLANG_WARN_CONSTANT_CONVERSION = YES;
				CLANG_WARN_DEPRECATED_OBJC_IMPLEMENTATIONS = YES;
				CLANG_WARN_DIRECT_OBJC_ISA_USAGE = YES_ERROR;
				CLANG_WARN_DOCUMENTATION_COMMENTS = YES;
				CLANG_WARN_EMPTY_BODY = YES;
				CLANG_WARN_ENUM_CONVERSION = YES;
				CLANG_WARN_INFINITE_RECURSION = YES;
				CLANG_WARN_INT_CONVERSION = YES;
				CLANG_WARN_NON_LITERAL_NULL_CONVERSION = YES;
				CLANG_WARN_OBJC_IMPLICIT_RETAIN_SELF = YES;
				CLANG_WARN_OBJC_LITERAL_CONVERSION = YES;
				CLANG_WARN_OBJC_ROOT_CLASS = YES_ERROR;
				CLANG_WARN_QUOTED_INCLUDE_IN_FRAMEWORK_HEADER = YES;
				CLANG_WARN_RANGE_LOOP_ANALYSIS = YES;
				CLANG_WARN_STRICT_PROTOTYPES = YES;
				CLANG_WARN_SUSPICIOUS_MOVE = YES;
				CLANG_WARN_UNGUARDED_AVAILABILITY = YES_AGGRESSIVE;
				CLANG_WARN_UNREACHABLE_CODE = YES;
				CLANG_WARN__DUPLICATE_METHOD_MATCH = YES;
				COPY_PHASE_STRIP = NO;
				DEBUG_INFORMATION_FORMAT = "dwarf-with-dsym";
				ENABLE_NS_ASSERTIONS = NO;
				ENABLE_STRICT_OBJC_MSGSEND = YES;
				ENABLE_USER_SCRIPT_SANDBOXING = YES;
				GCC_C_LANGUAGE_STANDARD = gnu17;
				GCC_NO_COMMON_BLOCKS = YES;
				GCC_WARN_64_TO_32_BIT_CONVERSION = YES;
				GCC_WARN_ABOUT_RETURN_TYPE = YES_ERROR;
				GCC_WARN_UNDECLARED_SELECTOR = YES;
				GCC_WARN_UNINITIALIZED_AUTOS = YES_AGGRESSIVE;
				GCC_WARN_UNUSED_FUNCTION = YES;
				GCC_WARN_UNUSED_VARIABLE = YES;
				IPHONEOS_DEPLOYMENT_TARGET = 18.2;
				LOCALIZATION_PREFERS_STRING_CATALOGS = YES;
				MTL_ENABLE_DEBUG_INFO = NO;
				MTL_FAST_MATH = YES;
				SDKROOT = iphoneos;
				SWIFT_COMPILATION_MODE = wholemodule;
				VALIDATE_PRODUCT = YES;
			};
			name = Release;
		};
/* End XCBuildConfiguration section */

/* Begin XCConfigurationList section */
		AFDCCBAB2E2520F40047C449 /* Build configuration list for PBXProject "LoadingView" */ = {
			isa = XCConfigurationList;
			buildConfigurations = (
				AFDCCBC62E2520F60047C449 /* Debug */,
				AFDCCBC72E2520F60047C449 /* Release */,
			);
			defaultConfigurationIsVisible = 0;
			defaultConfigurationName = Release;
		};
		AFDCCBC32E2520F60047C449 /* Build configuration list for PBXNativeTarget "LoadingView" */ = {
			isa = XCConfigurationList;
			buildConfigurations = (
				AFDCCBC42E2520F60047C449 /* Debug */,
				AFDCCBC52E2520F60047C449 /* Release */,
			);
			defaultConfigurationIsVisible = 0;
			defaultConfigurationName = Release;
		};
/* End XCConfigurationList section */

/* Begin XCLocalSwiftPackageReference section */
		AFFD799E2E4CC74600A3B9FC /* XCLocalSwiftPackageReference "../LoadingView" */ = {
			isa = XCLocalSwiftPackageReference;
			relativePath = ../LoadingView;
		};
/* End XCLocalSwiftPackageReference section */

/* Begin XCSwiftPackageProductDependency section */
		AFFD794D2E4CC14A00A3B9FC /* LoadingViewKit */ = {
			isa = XCSwiftPackageProductDependency;
			productName = LoadingViewKit;
		};
		AFFD799F2E4CC74600A3B9FC /* LoadingViewKit */ = {
			isa = XCSwiftPackageProductDependency;
			productName = LoadingViewKit;
		};
/* End XCSwiftPackageProductDependency section */
	};
	rootObject = AFDCCBA82E2520F40047C449 /* Project object */;
}
